lockfileVersion: '9.0'

settings:
  autoInstallPeers: true
  excludeLinksFromLockfile: false

importers:

  .: {}

  packages/addons: {}

  packages/core: {}

  packages/demo:
    dependencies:
      '@magion/core':
        specifier: workspace:*
        version: link:../core
      '@magion/engine':
        specifier: workspace:*
        version: link:../engine
      '@magion/sdk':
        specifier: workspace:*
        version: link:../sdk

  packages/engine: {}

  packages/platform: {}

  packages/player: {}

  packages/sdk: {}
